// !$*UTF8*$!
{
	archiveVersion = 1;
	classes = {
	};
	objectVersion = 46;
	objects = {

/* Begin PBXBuildFile section */
		65EA3C1B1BC2B196003C038C /* AppDelegate.swift in Sources */ = {isa = PBXBuildFile; fileRef = 65EA3C1A1BC2B196003C038C /* AppDelegate.swift */; };
		65EA3C1E1BC2B196003C038C /* HelloWorld.xcdatamodeld in Sources */ = {isa = PBXBuildFile; fileRef = 65EA3C1C1BC2B196003C038C /* HelloWorld.xcdatamodeld */; };
		65EA3C201BC2B196003C038C /* ViewController.swift in Sources */ = {isa = PBXBuildFile; fileRef = 65EA3C1F1BC2B196003C038C /* ViewController.swift */; };
		65EA3C231BC2B196003C038C /* Main.storyboard in Resources */ = {isa = PBXBuildFile; fileRef = 65EA3C211BC2B196003C038C /* Main.storyboard */; };
		65EA3C251BC2B196003C038C /* Images.xcassets in Resources */ = {isa = PBXBuildFile; fileRef = 65EA3C241BC2B196003C038C /* Images.xcassets */; };
		65EA3C281BC2B196003C038C /* LaunchScreen.xib in Resources */ = {isa = PBXBuildFile; fileRef = 65EA3C261BC2B196003C038C /* LaunchScreen.xib */; };
		65EA3C341BC2B196003C038C /* HelloWorldTests.swift in Sources */ = {isa = PBXBuildFile; fileRef = 65EA3C331BC2B196003C038C /* HelloWorldTests.swift */; };
/* End PBXBuildFile section */

/* Begin PBXContainerItemProxy section */
		65EA3C2E1BC2B196003C038C /* PBXContainerItemProxy */ = {
			isa = PBXContainerItemProxy;
			containerPortal = 65EA3C0D1BC2B195003C038C /* Project object */;
			proxyType = 1;
			remoteGlobalIDString = 65EA3C141BC2B195003C038C;
			remoteInfo = HelloWorld;
		};
/* End PBXContainerItemProxy section */

/* Begin PBXFileReference section */
		65EA3C151BC2B195003C038C /* HelloWorld.app */ = {isa = PBXFileReference; explicitFileType = wrapper.application; includeInIndex = 0; path = HelloWorld.app; sourceTree = BUILT_PRODUCTS_DIR; };
		65EA3C191BC2B196003C038C /* Info.plist */ = {isa = PBXFileReference; lastKnownFileType = text.plist.xml; path = Info.plist; sourceTree = "<group>"; };
		65EA3C1A1BC2B196003C038C /* AppDelegate.swift */ = {isa = PBXFileReference; lastKnownFileType = sourcecode.swift; path = AppDelegate.swift; sourceTree = "<group>"; };
		65EA3C1D1BC2B196003C038C /* HelloWorld.xcdatamodel */ = {isa = PBXFileReference; lastKnownFileType = wrapper.xcdatamodel; path = HelloWorld.xcdatamodel; sourceTree = "<group>"; };
		65EA3C1F1BC2B196003C038C /* ViewController.swift */ = {isa = PBXFileReference; lastKnownFileType = sourcecode.swift; path = ViewController.swift; sourceTree = "<group>"; };
		65EA3C221BC2B196003C038C /* Base */ = {isa = PBXFileReference; lastKnownFileType = file.storyboard; name = Base; path = Base.lproj/Main.storyboard; sourceTree = "<group>"; };
		65EA3C241BC2B196003C038C /* Images.xcassets */ = {isa = PBXFileReference; lastKnownFileType = folder.assetcatalog; path = Images.xcassets; sourceTree = "<group>"; };
		65EA3C271BC2B196003C038C /* Base */ = {isa = PBXFileReference; lastKnownFileType = file.xib; name = Base; path = Base.lproj/LaunchScreen.xib; sourceTree = "<group>"; };
		65EA3C2D1BC2B196003C038C /* HelloWorldTests.xctest */ = {isa = PBXFileReference; explicitFileType = wrapper.cfbundle; includeInIndex = 0; path = HelloWorldTests.xctest; sourceTree = BUILT_PRODUCTS_DIR; };
		65EA3C321BC2B196003C038C /* Info.plist */ = {isa = PBXFileReference; lastKnownFileType = text.plist.xml; path = Info.plist; sourceTree = "<group>"; };
		65EA3C331BC2B196003C038C /* HelloWorldTests.swift */ = {isa = PBXFileReference; lastKnownFileType = sourcecode.swift; path = HelloWorldTests.swift; sourceTree = "<group>"; };
/* End PBXFileReference section */

/* Begin PBXFrameworksBuildPhase section */
		65EA3C121BC2B195003C038C /* Frameworks */ = {
			isa = PBXFrameworksBuildPhase;
			buildActionMask = 2147483647;
			files = (
			);
			runOnlyForDeploymentPostprocessing = 0;
		};
		65EA3C2A1BC2B196003C038C /* Frameworks */ = {
			isa = PBXFrameworksBuildPhase;
			buildActionMask = 2147483647;
			files = (
			);
			runOnlyForDeploymentPostprocessing = 0;
		};
/* End PBXFrameworksBuildPhase section */

/* Begin PBXGroup section */
		65EA3C0C1BC2B195003C038C = {
			isa = PBXGroup;
			children = (
				65EA3C171BC2B195003C038C /* HelloWorld */,
				65EA3C301BC2B196003C038C /* HelloWorldTests */,
				65EA3C161BC2B195003C038C /* Products */,
			);
			sourceTree = "<group>";
		};
		65EA3C161BC2B195003C038C /* Products */ = {
			isa = PBXGroup;
			children = (
				65EA3C151BC2B195003C038C /* HelloWorld.app */,
				65EA3C2D1BC2B196003C038C /* HelloWorldTests.xctest */,
			);
			name = Products;
			sourceTree = "<group>";
		};
		65EA3C171BC2B195003C038C /* HelloWorld */ = {
			isa = PBXGroup;
			children = (
				65EA3C1A1BC2B196003C038C /* AppDelegate.swift */,
				65EA3C1F1BC2B196003C038C /* ViewController.swift */,
				65EA3C211BC2B196003C038C /* Main.storyboard */,
				65EA3C241BC2B196003C038C /* Images.xcassets */,
				65EA3C261BC2B196003C038C /* LaunchScreen.xib */,
				65EA3C1C1BC2B196003C038C /* HelloWorld.xcdatamodeld */,
				65EA3C181BC2B196003C038C /* Supporting Files */,
			);
			path = HelloWorld;
			sourceTree = "<group>";
		};
		65EA3C181BC2B196003C038C /* Supporting Files */ = {
			isa = PBXGroup;
			children = (
				65EA3C191BC2B196003C038C /* Info.plist */,
			);
			name = "Supporting Files";
			sourceTree = "<group>";
		};
		65EA3C301BC2B196003C038C /* HelloWorldTests */ = {
			isa = PBXGroup;
			children = (
				65EA3C331BC2B196003C038C /* HelloWorldTests.swift */,
				65EA3C311BC2B196003C038C /* Supporting Files */,
			);
			path = HelloWorldTests;
			sourceTree = "<group>";
		};
		65EA3C311BC2B196003C038C /* Supporting Files */ = {
			isa = PBXGroup;
			children = (
				65EA3C321BC2B196003C038C /* Info.plist */,
			);
			name = "Supporting Files";
			sourceTree = "<group>";
		};
/* End PBXGroup section */

/* Begin PBXNativeTarget section */
		65EA3C141BC2B195003C038C /* HelloWorld */ = {
			isa = PBXNativeTarget;
			buildConfigurationList = 65EA3C371BC2B196003C038C /* Build configuration list for PBXNativeTarget "HelloWorld" */;
			buildPhases = (
				65EA3C111BC2B195003C038C /* Sources */,
				65EA3C121BC2B195003C038C /* Frameworks */,
				65EA3C131BC2B195003C038C /* Resources */,
			);
			buildRules = (
			);
			dependencies = (
			);
			name = HelloWorld;
			productName = HelloWorld;
			productReference = 65EA3C151BC2B195003C038C /* HelloWorld.app */;
			productType = "com.apple.product-type.application";
		};
		65EA3C2C1BC2B196003C038C /* HelloWorldTests */ = {
			isa = PBXNativeTarget;
			buildConfigurationList = 65EA3C3A1BC2B196003C038C /* Build configuration list for PBXNativeTarget "HelloWorldTests" */;
			buildPhases = (
				65EA3C291BC2B196003C038C /* Sources */,
				65EA3C2A1BC2B196003C038C /* Frameworks */,
				65EA3C2B1BC2B196003C038C /* Resources */,
			);
			buildRules = (
			);
			dependencies = (
				65EA3C2F1BC2B196003C038C /* PBXTargetDependency */,
			);
			name = HelloWorldTests;
			productName = HelloWorldTests;
			productReference = 65EA3C2D1BC2B196003C038C /* HelloWorldTests.xctest */;
			productType = "com.apple.product-type.bundle.unit-test";
		};
/* End PBXNativeTarget section */

/* Begin PBXProject section */
		65EA3C0D1BC2B195003C038C /* Project object */ = {
			isa = PBXProject;
			attributes = {
				LastUpgradeCheck = 0630;
				ORGANIZATIONNAME = Tommy;
				TargetAttributes = {
					65EA3C141BC2B195003C038C = {
						CreatedOnToolsVersion = 6.3.2;
					};
					65EA3C2C1BC2B196003C038C = {
						CreatedOnToolsVersion = 6.3.2;
						TestTargetID = 65EA3C141BC2B195003C038C;
					};
				};
			};
			buildConfigurationList = 65EA3C101BC2B195003C038C /* Build configuration list for PBXProject "HelloWorld" */;
			compatibilityVersion = "Xcode 3.2";
			developmentRegion = English;
			hasScannedForEncodings = 0;
			knownRegions = (
				en,
				Base,
			);
			mainGroup = 65EA3C0C1BC2B195003C038C;
			productRefGroup = 65EA3C161BC2B195003C038C /* Products */;
			projectDirPath = "";
			projectRoot = "";
			targets = (
				65EA3C141BC2B195003C038C /* HelloWorld */,
				65EA3C2C1BC2B196003C038C /* HelloWorldTests */,
			);
		};
/* End PBXProject section */

/* Begin PBXResourcesBuildPhase section */
		65EA3C131BC2B195003C038C /* Resources */ = {
			isa = PBXResourcesBuildPhase;
			buildActionMask = 2147483647;
			files = (
				65EA3C231BC2B196003C038C /* Main.storyboard in Resources */,
				65EA3C281BC2B196003C038C /* LaunchScreen.xib in Resources */,
				65EA3C251BC2B196003C038C /* Images.xcassets in Resources */,
			);
			runOnlyForDeploymentPostprocessing = 0;
		};
		65EA3C2B1BC2B196003C038C /* Resources */ = {
			isa = PBXResourcesBuildPhase;
			buildActionMask = 2147483647;
			files = (
			);
			runOnlyForDeploymentPostprocessing = 0;
		};
/* End PBXResourcesBuildPhase section */

/* Begin PBXSourcesBuildPhase section */
		65EA3C111BC2B195003C038C /* Sources */ = {
			isa = PBXSourcesBuildPhase;
			buildActionMask = 2147483647;
			files = (
				65EA3C201BC2B196003C038C /* ViewController.swift in Sources */,
				65EA3C1B1BC2B196003C038C /* AppDelegate.swift in Sources */,
				65EA3C1E1BC2B196003C038C /* HelloWorld.xcdatamodeld in Sources */,
			);
			runOnlyForDeploymentPostprocessing = 0;
		};
		65EA3C291BC2B196003C038C /* Sources */ = {
			isa = PBXSourcesBuildPhase;
			buildActionMask = 2147483647;
			files = (
				65EA3C341BC2B196003C038C /* HelloWorldTests.swift in Sources */,
			);
			runOnlyForDeploymentPostprocessing = 0;
		};
/* End PBXSourcesBuildPhase section */

/* Begin PBXTargetDependency section */
		65EA3C2F1BC2B196003C038C /* PBXTargetDependency */ = {
			isa = PBXTargetDependency;
			target = 65EA3C141BC2B195003C038C /* HelloWorld */;
			targetProxy = 65EA3C2E1BC2B196003C038C /* PBXContainerItemProxy */;
		};
/* End PBXTargetDependency section */

/* Begin PBXVariantGroup section */
		65EA3C211BC2B196003C038C /* Main.storyboard */ = {
			isa = PBXVariantGroup;
			children = (
				65EA3C221BC2B196003C038C /* Base */,
			);
			name = Main.storyboard;
			sourceTree = "<group>";
		};
		65EA3C261BC2B196003C038C /* LaunchScreen.xib */ = {
			isa = PBXVariantGroup;
			children = (
				65EA3C271BC2B196003C038C /* Base */,
			);
			name = LaunchScreen.xib;
			sourceTree = "<group>";
		};
/* End PBXVariantGroup section */

/* Begin XCBuildConfiguration section */
		65EA3C351BC2B196003C038C /* Debug */ = {
			isa = XCBuildConfiguration;
			buildSettings = {
				ALWAYS_SEARCH_USER_PATHS = NO;
				CLANG_CXX_LANGUAGE_STANDARD = "gnu++0x";
				CLANG_CXX_LIBRARY = "libc++";
				CLANG_ENABLE_MODULES = YES;
				CLANG_ENABLE_OBJC_ARC = YES;
				CLANG_WARN_BOOL_CONVERSION = YES;
				CLANG_WARN_CONSTANT_CONVERSION = YES;
				CLANG_WARN_DIRECT_OBJC_ISA_USAGE = YES_ERROR;
				CLANG_WARN_EMPTY_BODY = YES;
				CLANG_WARN_ENUM_CONVERSION = YES;
				CLANG_WARN_INT_CONVERSION = YES;
				CLANG_WARN_OBJC_ROOT_CLASS = YES_ERROR;
				CLANG_WARN_UNREACHABLE_CODE = YES;
				CLANG_WARN__DUPLICATE_METHOD_MATCH = YES;
				"CODE_SIGN_IDENTITY[sdk=iphoneos*]" = "iPhone Developer";
				COPY_PHASE_STRIP = NO;
				DEBUG_INFORMATION_FORMAT = "dwarf-with-dsym";
				ENABLE_STRICT_OBJC_MSGSEND = YES;
				GCC_C_LANGUAGE_STANDARD = gnu99;
				GCC_DYNAMIC_NO_PIC = NO;
				GCC_NO_COMMON_BLOCKS = YES;
				GCC_OPTIMIZATION_LEVEL = 0;
				GCC_PREPROCESSOR_DEFINITIONS = (
					"DEBUG=1",
					"$(inherited)",
				);
				GCC_SYMBOLS_PRIVATE_EXTERN = NO;
				GCC_WARN_64_TO_32_BIT_CONVERSION = YES;
				GCC_WARN_ABOUT_RETURN_TYPE = YES_ERROR;
				GCC_WARN_UNDECLARED_SELECTOR = YES;
				GCC_WARN_UNINITIALIZED_AUTOS = YES_AGGRESSIVE;
				GCC_WARN_UNUSED_FUNCTION = YES;
				GCC_WARN_UNUSED_VARIABLE = YES;
				IPHONEOS_DEPLOYMENT_TARGET = 8.3;
				MTL_ENABLE_DEBUG_INFO = YES;
				ONLY_ACTIVE_ARCH = YES;
				SDKROOT = iphoneos;
				SWIFT_OPTIMIZATION_LEVEL = "-Onone";
			};
			name = Debug;
		};
		65EA3C361BC2B196003C038C /* Release */ = {
			isa = XCBuildConfiguration;
			buildSettings = {
				ALWAYS_SEARCH_USER_PATHS = NO;
				CLANG_CXX_LANGUAGE_STANDARD = "gnu++0x";
				CLANG_CXX_LIBRARY = "libc++";
				CLANG_ENABLE_MODULES = YES;
				CLANG_ENABLE_OBJC_ARC = YES;
				CLANG_WARN_BOOL_CONVERSION = YES;
				CLANG_WARN_CONSTANT_CONVERSION = YES;
				CLANG_WARN_DIRECT_OBJC_ISA_USAGE = YES_ERROR;
				CLANG_WARN_EMPTY_BODY = YES;
				CLANG_WARN_ENUM_CONVERSION = YES;
				CLANG_WARN_INT_CONVERSION = YES;
				CLANG_WARN_OBJC_ROOT_CLASS = YES_ERROR;
				CLANG_WARN_UNREACHABLE_CODE = YES;
				CLANG_WARN__DUPLICATE_METHOD_MATCH = YES;
				"CODE_SIGN_IDENTITY[sdk=iphoneos*]" = "iPhone Developer";
				COPY_PHASE_STRIP = NO;
				DEBUG_INFORMATION_FORMAT = "dwarf-with-dsym";
				ENABLE_NS_ASSERTIONS = NO;
				ENABLE_STRICT_OBJC_MSGSEND = YES;
				GCC_C_LANGUAGE_STANDARD = gnu99;
				GCC_NO_COMMON_BLOCKS = YES;
				GCC_WARN_64_TO_32_BIT_CONVERSION = YES;
				GCC_WARN_ABOUT_RETURN_TYPE = YES_ERROR;
				GCC_WARN_UNDECLARED_SELECTOR = YES;
				GCC_WARN_UNINITIALIZED_AUTOS = YES_AGGRESSIVE;
				GCC_WARN_UNUSED_FUNCTION = YES;
				GCC_WARN_UNUSED_VARIABLE = YES;
				IPHONEOS_DEPLOYMENT_TARGET = 8.3;
				MTL_ENABLE_DEBUG_INFO = NO;
				SDKROOT = iphoneos;
				VALIDATE_PRODUCT = YES;
			};
			name = Release;
		};
		65EA3C381BC2B196003C038C /* Debug */ = {
			isa = XCBuildConfiguration;
			buildSettings = {
				ASSETCATALOG_COMPILER_APPICON_NAME = AppIcon;
				INFOPLIST_FILE = HelloWorld/Info.plist;
				LD_RUNPATH_SEARCH_PATHS = "$(inherited) @executable_path/Frameworks";
				PRODUCT_NAME = "$(TARGET_NAME)";
			};
			name = Debug;
		};
		65EA3C391BC2B196003C038C /* Release */ = {
			isa = XCBuildConfiguration;
			buildSettings = {
				ASSETCATALOG_COMPILER_APPICON_NAME = AppIcon;
				INFOPLIST_FILE = HelloWorld/Info.plist;
				LD_RUNPATH_SEARCH_PATHS = "$(inherited) @executable_path/Frameworks";
				PRODUCT_NAME = "$(TARGET_NAME)";
			};
			name = Release;
		};
		65EA3C3B1BC2B196003C038C /* Debug */ = {
			isa = XCBuildConfiguration;
			buildSettings = {
				BUNDLE_LOADER = "$(TEST_HOST)";
				FRAMEWORK_SEARCH_PATHS = (
					"$(SDKROOT)/Developer/Library/Frameworks",
					"$(inherited)",
				);
				GCC_PREPROCESSOR_DEFINITIONS = (
					"DEBUG=1",
					"$(inherited)",
				);
				INFOPLIST_FILE = HelloWorldTests/Info.plist;
				LD_RUNPATH_SEARCH_PATHS = "$(inherited) @executable_path/Frameworks @loader_path/Frameworks";
				PRODUCT_NAME = "$(TARGET_NAME)";
				TEST_HOST = "$(BUILT_PRODUCTS_DIR)/HelloWorld.app/HelloWorld";
			};
			name = Debug;
		};
		65EA3C3C1BC2B196003C038C /* Release */ = {
			isa = XCBuildConfiguration;
			buildSettings = {
				BUNDLE_LOADER = "$(TEST_HOST)";
				FRAMEWORK_SEARCH_PATHS = (
					"$(SDKROOT)/Developer/Library/Frameworks",
					"$(inherited)",
				);
				INFOPLIST_FILE = HelloWorldTests/Info.plist;
				LD_RUNPATH_SEARCH_PATHS = "$(inherited) @executable_path/Frameworks @loader_path/Frameworks";
				PRODUCT_NAME = "$(TARGET_NAME)";
				TEST_HOST = "$(BUILT_PRODUCTS_DIR)/HelloWorld.app/HelloWorld";
			};
			name = Release;
		};
/* End XCBuildConfiguration section */

/* Begin XCConfigurationList section */
		65EA3C101BC2B195003C038C /* Build configuration list for PBXProject "HelloWorld" */ = {
			isa = XCConfigurationList;
			buildConfigurations = (
				65EA3C351BC2B196003C038C /* Debug */,
				65EA3C361BC2B196003C038C /* Release */,
			);
			defaultConfigurationIsVisible = 0;
			defaultConfigurationName = Release;
		};
		65EA3C371BC2B196003C038C /* Build configuration list for PBXNativeTarget "HelloWorld" */ = {
			isa = XCConfigurationList;
			buildConfigurations = (
				65EA3C381BC2B196003C038C /* Debug */,
				65EA3C391BC2B196003C038C /* Release */,
			);
			defaultConfigurationIsVisible = 0;
		};
		65EA3C3A1BC2B196003C038C /* Build configuration list for PBXNativeTarget "HelloWorldTests" */ = {
			isa = XCConfigurationList;
			buildConfigurations = (
				65EA3C3B1BC2B196003C038C /* Debug */,
				65EA3C3C1BC2B196003C038C /* Release */,
			);
			defaultConfigurationIsVisible = 0;
		};
/* End XCConfigurationList section */

/* Begin XCVersionGroup section */
		65EA3C1C1BC2B196003C038C /* HelloWorld.xcdatamodeld */ = {
			isa = XCVersionGroup;
			children = (
				65EA3C1D1BC2B196003C038C /* HelloWorld.xcdatamodel */,
			);
			currentVersion = 65EA3C1D1BC2B196003C038C /* HelloWorld.xcdatamodel */;
			path = HelloWorld.xcdatamodeld;
			sourceTree = "<group>";
			versionGroupType = wrapper.xcdatamodel;
		};
/* End XCVersionGroup section */
	};
	rootObject = 65EA3C0D1BC2B195003C038C /* Project object */;
}
